// !$*UTF8*$!
{
	archiveVersion = 1;
	classes = {
	};
	objectVersion = 46;
	objects = {

/* Begin PBXBuildFile section */
		42B8791C1EA9806F001C2CC9 /* RxCocoa.framework in Frameworks */ = {isa = PBXBuildFile; fileRef = 42B8791B1EA9806F001C2CC9 /* RxCocoa.framework */; };
		42B8791D1EA9806F001C2CC9 /* RxCocoa.framework in Embed Frameworks */ = {isa = PBXBuildFile; fileRef = 42B8791B1EA9806F001C2CC9 /* RxCocoa.framework */; settings = {ATTRIBUTES = (CodeSignOnCopy, RemoveHeadersOnCopy, ); }; };
		42B879201EA98075001C2CC9 /* RxSwift.framework in Frameworks */ = {isa = PBXBuildFile; fileRef = 42B8791F1EA98075001C2CC9 /* RxSwift.framework */; };
		42B879211EA98075001C2CC9 /* RxSwift.framework in Embed Frameworks */ = {isa = PBXBuildFile; fileRef = 42B8791F1EA98075001C2CC9 /* RxSwift.framework */; settings = {ATTRIBUTES = (CodeSignOnCopy, RemoveHeadersOnCopy, ); }; };
		42E2D0EE1EA86BC2009DF67F /* AppDelegate.swift in Sources */ = {isa = PBXBuildFile; fileRef = 42E2D0ED1EA86BC2009DF67F /* AppDelegate.swift */; };
		42E2D0F01EA86BC2009DF67F /* ViewController.swift in Sources */ = {isa = PBXBuildFile; fileRef = 42E2D0EF1EA86BC2009DF67F /* ViewController.swift */; };
		42E2D0F31EA86BC2009DF67F /* Main.storyboard in Resources */ = {isa = PBXBuildFile; fileRef = 42E2D0F11EA86BC2009DF67F /* Main.storyboard */; };
		42E2D0F51EA86BC2009DF67F /* Assets.xcassets in Resources */ = {isa = PBXBuildFile; fileRef = 42E2D0F41EA86BC2009DF67F /* Assets.xcassets */; };
		42E2D0F81EA86BC2009DF67F /* LaunchScreen.storyboard in Resources */ = {isa = PBXBuildFile; fileRef = 42E2D0F61EA86BC2009DF67F /* LaunchScreen.storyboard */; };
		42E2D1031EA86BC2009DF67F /* RxPlaygroundsTests.swift in Sources */ = {isa = PBXBuildFile; fileRef = 42E2D1021EA86BC2009DF67F /* RxPlaygroundsTests.swift */; };
		42E2D10E1EA86BC2009DF67F /* RxPlaygroundsUITests.swift in Sources */ = {isa = PBXBuildFile; fileRef = 42E2D10D1EA86BC2009DF67F /* RxPlaygroundsUITests.swift */; };
/* End PBXBuildFile section */

/* Begin PBXContainerItemProxy section */
		42E2D0FF1EA86BC2009DF67F /* PBXContainerItemProxy */ = {
			isa = PBXContainerItemProxy;
			containerPortal = 42E2D0E21EA86BC2009DF67F /* Project object */;
			proxyType = 1;
			remoteGlobalIDString = 42E2D0E91EA86BC2009DF67F;
			remoteInfo = RxPlaygrounds;
		};
		42E2D10A1EA86BC2009DF67F /* PBXContainerItemProxy */ = {
			isa = PBXContainerItemProxy;
			containerPortal = 42E2D0E21EA86BC2009DF67F /* Project object */;
			proxyType = 1;
			remoteGlobalIDString = 42E2D0E91EA86BC2009DF67F;
			remoteInfo = RxPlaygrounds;
		};
/* End PBXContainerItemProxy section */

/* Begin PBXCopyFilesBuildPhase section */
		42B8791E1EA9806F001C2CC9 /* Embed Frameworks */ = {
			isa = PBXCopyFilesBuildPhase;
			buildActionMask = 2147483647;
			dstPath = "";
			dstSubfolderSpec = 10;
			files = (
				42B879211EA98075001C2CC9 /* RxSwift.framework in Embed Frameworks */,
				42B8791D1EA9806F001C2CC9 /* RxCocoa.framework in Embed Frameworks */,
			);
			name = "Embed Frameworks";
			runOnlyForDeploymentPostprocessing = 0;
		};
/* End PBXCopyFilesBuildPhase section */

/* Begin PBXFileReference section */
		42B8791B1EA9806F001C2CC9 /* RxCocoa.framework */ = {isa = PBXFileReference; lastKnownFileType = wrapper.framework; name = RxCocoa.framework; path = Carthage/Build/iOS/RxCocoa.framework; sourceTree = "<group>"; };
		42B8791F1EA98075001C2CC9 /* RxSwift.framework */ = {isa = PBXFileReference; lastKnownFileType = wrapper.framework; name = RxSwift.framework; path = Carthage/Build/iOS/RxSwift.framework; sourceTree = "<group>"; };
		42B879221EA9809B001C2CC9 /* RxPlaygrounds.playground */ = {isa = PBXFileReference; lastKnownFileType = file.playground; path = RxPlaygrounds.playground; sourceTree = "<group>"; };
		42E2D0EA1EA86BC2009DF67F /* RxPlaygrounds.app */ = {isa = PBXFileReference; explicitFileType = wrapper.application; includeInIndex = 0; path = RxPlaygrounds.app; sourceTree = BUILT_PRODUCTS_DIR; };
		42E2D0ED1EA86BC2009DF67F /* AppDelegate.swift */ = {isa = PBXFileReference; lastKnownFileType = sourcecode.swift; path = AppDelegate.swift; sourceTree = "<group>"; };
		42E2D0EF1EA86BC2009DF67F /* ViewController.swift */ = {isa = PBXFileReference; lastKnownFileType = sourcecode.swift; path = ViewController.swift; sourceTree = "<group>"; };
		42E2D0F21EA86BC2009DF67F /* Base */ = {isa = PBXFileReference; lastKnownFileType = file.storyboard; name = Base; path = Base.lproj/Main.storyboard; sourceTree = "<group>"; };
		42E2D0F41EA86BC2009DF67F /* Assets.xcassets */ = {isa = PBXFileReference; lastKnownFileType = folder.assetcatalog; path = Assets.xcassets; sourceTree = "<group>"; };
		42E2D0F71EA86BC2009DF67F /* Base */ = {isa = PBXFileReference; lastKnownFileType = file.storyboard; name = Base; path = Base.lproj/LaunchScreen.storyboard; sourceTree = "<group>"; };
		42E2D0F91EA86BC2009DF67F /* Info.plist */ = {isa = PBXFileReference; lastKnownFileType = text.plist.xml; path = Info.plist; sourceTree = "<group>"; };
		42E2D0FE1EA86BC2009DF67F /* RxPlaygroundsTests.xctest */ = {isa = PBXFileReference; explicitFileType = wrapper.cfbundle; includeInIndex = 0; path = RxPlaygroundsTests.xctest; sourceTree = BUILT_PRODUCTS_DIR; };
		42E2D1021EA86BC2009DF67F /* RxPlaygroundsTests.swift */ = {isa = PBXFileReference; lastKnownFileType = sourcecode.swift; path = RxPlaygroundsTests.swift; sourceTree = "<group>"; };
		42E2D1041EA86BC2009DF67F /* Info.plist */ = {isa = PBXFileReference; lastKnownFileType = text.plist.xml; path = Info.plist; sourceTree = "<group>"; };
		42E2D1091EA86BC2009DF67F /* RxPlaygroundsUITests.xctest */ = {isa = PBXFileReference; explicitFileType = wrapper.cfbundle; includeInIndex = 0; path = RxPlaygroundsUITests.xctest; sourceTree = BUILT_PRODUCTS_DIR; };
		42E2D10D1EA86BC2009DF67F /* RxPlaygroundsUITests.swift */ = {isa = PBXFileReference; lastKnownFileType = sourcecode.swift; path = RxPlaygroundsUITests.swift; sourceTree = "<group>"; };
		42E2D10F1EA86BC2009DF67F /* Info.plist */ = {isa = PBXFileReference; lastKnownFileType = text.plist.xml; path = Info.plist; sourceTree = "<group>"; };
/* End PBXFileReference section */

/* Begin PBXFrameworksBuildPhase section */
		42E2D0E71EA86BC2009DF67F /* Frameworks */ = {
			isa = PBXFrameworksBuildPhase;
			buildActionMask = 2147483647;
			files = (
				42B879201EA98075001C2CC9 /* RxSwift.framework in Frameworks */,
				42B8791C1EA9806F001C2CC9 /* RxCocoa.framework in Frameworks */,
			);
			runOnlyForDeploymentPostprocessing = 0;
		};
		42E2D0FB1EA86BC2009DF67F /* Frameworks */ = {
			isa = PBXFrameworksBuildPhase;
			buildActionMask = 2147483647;
			files = (
			);
			runOnlyForDeploymentPostprocessing = 0;
		};
		42E2D1061EA86BC2009DF67F /* Frameworks */ = {
			isa = PBXFrameworksBuildPhase;
			buildActionMask = 2147483647;
			files = (
			);
			runOnlyForDeploymentPostprocessing = 0;
		};
/* End PBXFrameworksBuildPhase section */

/* Begin PBXGroup section */
		42E2D0E11EA86BC2009DF67F = {
			isa = PBXGroup;
			children = (
				42B879221EA9809B001C2CC9 /* RxPlaygrounds.playground */,
				42E2D0EC1EA86BC2009DF67F /* RxPlaygrounds */,
				42E2D1011EA86BC2009DF67F /* RxPlaygroundsTests */,
				42E2D10C1EA86BC2009DF67F /* RxPlaygroundsUITests */,
				42E2D0EB1EA86BC2009DF67F /* Products */,
				42B8791F1EA98075001C2CC9 /* RxSwift.framework */,
				42B8791B1EA9806F001C2CC9 /* RxCocoa.framework */,
			);
			sourceTree = "<group>";
		};
		42E2D0EB1EA86BC2009DF67F /* Products */ = {
			isa = PBXGroup;
			children = (
				42E2D0EA1EA86BC2009DF67F /* RxPlaygrounds.app */,
				42E2D0FE1EA86BC2009DF67F /* RxPlaygroundsTests.xctest */,
				42E2D1091EA86BC2009DF67F /* RxPlaygroundsUITests.xctest */,
			);
			name = Products;
			sourceTree = "<group>";
		};
		42E2D0EC1EA86BC2009DF67F /* RxPlaygrounds */ = {
			isa = PBXGroup;
			children = (
				42E2D0ED1EA86BC2009DF67F /* AppDelegate.swift */,
				42E2D0EF1EA86BC2009DF67F /* ViewController.swift */,
				42E2D0F11EA86BC2009DF67F /* Main.storyboard */,
				42E2D0F41EA86BC2009DF67F /* Assets.xcassets */,
				42E2D0F61EA86BC2009DF67F /* LaunchScreen.storyboard */,
				42E2D0F91EA86BC2009DF67F /* Info.plist */,
			);
			path = RxPlaygrounds;
			sourceTree = "<group>";
		};
		42E2D1011EA86BC2009DF67F /* RxPlaygroundsTests */ = {
			isa = PBXGroup;
			children = (
				42E2D1021EA86BC2009DF67F /* RxPlaygroundsTests.swift */,
				42E2D1041EA86BC2009DF67F /* Info.plist */,
			);
			path = RxPlaygroundsTests;
			sourceTree = "<group>";
		};
		42E2D10C1EA86BC2009DF67F /* RxPlaygroundsUITests */ = {
			isa = PBXGroup;
			children = (
				42E2D10D1EA86BC2009DF67F /* RxPlaygroundsUITests.swift */,
				42E2D10F1EA86BC2009DF67F /* Info.plist */,
			);
			path = RxPlaygroundsUITests;
			sourceTree = "<group>";
		};
/* End PBXGroup section */

/* Begin PBXNativeTarget section */
		42E2D0E91EA86BC2009DF67F /* RxPlaygrounds */ = {
			isa = PBXNativeTarget;
			buildConfigurationList = 42E2D1121EA86BC2009DF67F /* Build configuration list for PBXNativeTarget "RxPlaygrounds" */;
			buildPhases = (
				42E2D0E61EA86BC2009DF67F /* Sources */,
				42E2D0E71EA86BC2009DF67F /* Frameworks */,
				42E2D0E81EA86BC2009DF67F /* Resources */,
				42B8791E1EA9806F001C2CC9 /* Embed Frameworks */,
			);
			buildRules = (
			);
			dependencies = (
			);
			name = RxPlaygrounds;
			productName = RxPlaygrounds;
			productReference = 42E2D0EA1EA86BC2009DF67F /* RxPlaygrounds.app */;
			productType = "com.apple.product-type.application";
		};
		42E2D0FD1EA86BC2009DF67F /* RxPlaygroundsTests */ = {
			isa = PBXNativeTarget;
			buildConfigurationList = 42E2D1151EA86BC2009DF67F /* Build configuration list for PBXNativeTarget "RxPlaygroundsTests" */;
			buildPhases = (
				42E2D0FA1EA86BC2009DF67F /* Sources */,
				42E2D0FB1EA86BC2009DF67F /* Frameworks */,
				42E2D0FC1EA86BC2009DF67F /* Resources */,
			);
			buildRules = (
			);
			dependencies = (
				42E2D1001EA86BC2009DF67F /* PBXTargetDependency */,
			);
			name = RxPlaygroundsTests;
			productName = RxPlaygroundsTests;
			productReference = 42E2D0FE1EA86BC2009DF67F /* RxPlaygroundsTests.xctest */;
			productType = "com.apple.product-type.bundle.unit-test";
		};
		42E2D1081EA86BC2009DF67F /* RxPlaygroundsUITests */ = {
			isa = PBXNativeTarget;
			buildConfigurationList = 42E2D1181EA86BC2009DF67F /* Build configuration list for PBXNativeTarget "RxPlaygroundsUITests" */;
			buildPhases = (
				42E2D1051EA86BC2009DF67F /* Sources */,
				42E2D1061EA86BC2009DF67F /* Frameworks */,
				42E2D1071EA86BC2009DF67F /* Resources */,
			);
			buildRules = (
			);
			dependencies = (
				42E2D10B1EA86BC2009DF67F /* PBXTargetDependency */,
			);
			name = RxPlaygroundsUITests;
			productName = RxPlaygroundsUITests;
			productReference = 42E2D1091EA86BC2009DF67F /* RxPlaygroundsUITests.xctest */;
			productType = "com.apple.product-type.bundle.ui-testing";
		};
/* End PBXNativeTarget section */

/* Begin PBXProject section */
		42E2D0E21EA86BC2009DF67F /* Project object */ = {
			isa = PBXProject;
			attributes = {
				LastSwiftUpdateCheck = 0830;
				LastUpgradeCheck = 0830;
				ORGANIZATIONNAME = chiba;
				TargetAttributes = {
					42E2D0E91EA86BC2009DF67F = {
						CreatedOnToolsVersion = 8.3.1;
						ProvisioningStyle = Automatic;
					};
					42E2D0FD1EA86BC2009DF67F = {
						CreatedOnToolsVersion = 8.3.1;
						ProvisioningStyle = Automatic;
						TestTargetID = 42E2D0E91EA86BC2009DF67F;
					};
					42E2D1081EA86BC2009DF67F = {
						CreatedOnToolsVersion = 8.3.1;
						ProvisioningStyle = Automatic;
						TestTargetID = 42E2D0E91EA86BC2009DF67F;
					};
				};
			};
			buildConfigurationList = 42E2D0E51EA86BC2009DF67F /* Build configuration list for PBXProject "RxPlaygrounds" */;
			compatibilityVersion = "Xcode 3.2";
			developmentRegion = English;
			hasScannedForEncodings = 0;
			knownRegions = (
				en,
				Base,
			);
			mainGroup = 42E2D0E11EA86BC2009DF67F;
			productRefGroup = 42E2D0EB1EA86BC2009DF67F /* Products */;
			projectDirPath = "";
			projectRoot = "";
			targets = (
				42E2D0E91EA86BC2009DF67F /* RxPlaygrounds */,
				42E2D0FD1EA86BC2009DF67F /* RxPlaygroundsTests */,
				42E2D1081EA86BC2009DF67F /* RxPlaygroundsUITests */,
			);
		};
/* End PBXProject section */

/* Begin PBXResourcesBuildPhase section */
		42E2D0E81EA86BC2009DF67F /* Resources */ = {
			isa = PBXResourcesBuildPhase;
			buildActionMask = 2147483647;
			files = (
				42E2D0F81EA86BC2009DF67F /* LaunchScreen.storyboard in Resources */,
				42E2D0F51EA86BC2009DF67F /* Assets.xcassets in Resources */,
				42E2D0F31EA86BC2009DF67F /* Main.storyboard in Resources */,
			);
			runOnlyForDeploymentPostprocessing = 0;
		};
		42E2D0FC1EA86BC2009DF67F /* Resources */ = {
			isa = PBXResourcesBuildPhase;
			buildActionMask = 2147483647;
			files = (
			);
			runOnlyForDeploymentPostprocessing = 0;
		};
		42E2D1071EA86BC2009DF67F /* Resources */ = {
			isa = PBXResourcesBuildPhase;
			buildActionMask = 2147483647;
			files = (
			);
			runOnlyForDeploymentPostprocessing = 0;
		};
/* End PBXResourcesBuildPhase section */

/* Begin PBXSourcesBuildPhase section */
		42E2D0E61EA86BC2009DF67F /* Sources */ = {
			isa = PBXSourcesBuildPhase;
			buildActionMask = 2147483647;
			files = (
				42E2D0F01EA86BC2009DF67F /* ViewController.swift in Sources */,
				42E2D0EE1EA86BC2009DF67F /* AppDelegate.swift in Sources */,
			);
			runOnlyForDeploymentPostprocessing = 0;
		};
		42E2D0FA1EA86BC2009DF67F /* Sources */ = {
			isa = PBXSourcesBuildPhase;
			buildActionMask = 2147483647;
			files = (
				42E2D1031EA86BC2009DF67F /* RxPlaygroundsTests.swift in Sources */,
			);
			runOnlyForDeploymentPostprocessing = 0;
		};
		42E2D1051EA86BC2009DF67F /* Sources */ = {
			isa = PBXSourcesBuildPhase;
			buildActionMask = 2147483647;
			files = (
				42E2D10E1EA86BC2009DF67F /* RxPlaygroundsUITests.swift in Sources */,
			);
			runOnlyForDeploymentPostprocessing = 0;
		};
/* End PBXSourcesBuildPhase section */

/* Begin PBXTargetDependency section */
		42E2D1001EA86BC2009DF67F /* PBXTargetDependency */ = {
			isa = PBXTargetDependency;
			target = 42E2D0E91EA86BC2009DF67F /* RxPlaygrounds */;
			targetProxy = 42E2D0FF1EA86BC2009DF67F /* PBXContainerItemProxy */;
		};
		42E2D10B1EA86BC2009DF67F /* PBXTargetDependency */ = {
			isa = PBXTargetDependency;
			target = 42E2D0E91EA86BC2009DF67F /* RxPlaygrounds */;
			targetProxy = 42E2D10A1EA86BC2009DF67F /* PBXContainerItemProxy */;
		};
/* End PBXTargetDependency section */

/* Begin PBXVariantGroup section */
		42E2D0F11EA86BC2009DF67F /* Main.storyboard */ = {
			isa = PBXVariantGroup;
			children = (
				42E2D0F21EA86BC2009DF67F /* Base */,
			);
			name = Main.storyboard;
			sourceTree = "<group>";
		};
		42E2D0F61EA86BC2009DF67F /* LaunchScreen.storyboard */ = {
			isa = PBXVariantGroup;
			children = (
				42E2D0F71EA86BC2009DF67F /* Base */,
			);
			name = LaunchScreen.storyboard;
			sourceTree = "<group>";
		};
/* End PBXVariantGroup section */

/* Begin XCBuildConfiguration section */
		42E2D1101EA86BC2009DF67F /* Debug */ = {
			isa = XCBuildConfiguration;
			buildSettings = {
				ALWAYS_SEARCH_USER_PATHS = NO;
				CLANG_ANALYZER_NONNULL = YES;
				CLANG_ANALYZER_NUMBER_OBJECT_CONVERSION = YES_AGGRESSIVE;
				CLANG_CXX_LANGUAGE_STANDARD = "gnu++0x";
				CLANG_CXX_LIBRARY = "libc++";
				CLANG_ENABLE_MODULES = YES;
				CLANG_ENABLE_OBJC_ARC = YES;
				CLANG_WARN_BOOL_CONVERSION = YES;
				CLANG_WARN_CONSTANT_CONVERSION = YES;
				CLANG_WARN_DIRECT_OBJC_ISA_USAGE = YES_ERROR;
				CLANG_WARN_DOCUMENTATION_COMMENTS = YES;
				CLANG_WARN_EMPTY_BODY = YES;
				CLANG_WARN_ENUM_CONVERSION = YES;
				CLANG_WARN_INFINITE_RECURSION = YES;
				CLANG_WARN_INT_CONVERSION = YES;
				CLANG_WARN_OBJC_ROOT_CLASS = YES_ERROR;
				CLANG_WARN_SUSPICIOUS_MOVE = YES;
				CLANG_WARN_UNREACHABLE_CODE = YES;
				CLANG_WARN__DUPLICATE_METHOD_MATCH = YES;
				"CODE_SIGN_IDENTITY[sdk=iphoneos*]" = "iPhone Developer";
				COPY_PHASE_STRIP = NO;
				DEBUG_INFORMATION_FORMAT = dwarf;
				ENABLE_STRICT_OBJC_MSGSEND = YES;
				ENABLE_TESTABILITY = YES;
				GCC_C_LANGUAGE_STANDARD = gnu99;
				GCC_DYNAMIC_NO_PIC = NO;
				GCC_NO_COMMON_BLOCKS = YES;
				GCC_OPTIMIZATION_LEVEL = 0;
				GCC_PREPROCESSOR_DEFINITIONS = (
					"DEBUG=1",
					"$(inherited)",
				);
				GCC_WARN_64_TO_32_BIT_CONVERSION = YES;
				GCC_WARN_ABOUT_RETURN_TYPE = YES_ERROR;
				GCC_WARN_UNDECLARED_SELECTOR = YES;
				GCC_WARN_UNINITIALIZED_AUTOS = YES_AGGRESSIVE;
				GCC_WARN_UNUSED_FUNCTION = YES;
				GCC_WARN_UNUSED_VARIABLE = YES;
				IPHONEOS_DEPLOYMENT_TARGET = 10.3;
				MTL_ENABLE_DEBUG_INFO = YES;
				ONLY_ACTIVE_ARCH = YES;
				SDKROOT = iphoneos;
				SWIFT_ACTIVE_COMPILATION_CONDITIONS = DEBUG;
				SWIFT_OPTIMIZATION_LEVEL = "-Onone";
				TARGETED_DEVICE_FAMILY = "1,2";
			};
			name = Debug;
		};
		42E2D1111EA86BC2009DF67F /* Release */ = {
			isa = XCBuildConfiguration;
			buildSettings = {
				ALWAYS_SEARCH_USER_PATHS = NO;
				CLANG_ANALYZER_NONNULL = YES;
				CLANG_ANALYZER_NUMBER_OBJECT_CONVERSION = YES_AGGRESSIVE;
				CLANG_CXX_LANGUAGE_STANDARD = "gnu++0x";
				CLANG_CXX_LIBRARY = "libc++";
				CLANG_ENABLE_MODULES = YES;
				CLANG_ENABLE_OBJC_ARC = YES;
				CLANG_WARN_BOOL_CONVERSION = YES;
				CLANG_WARN_CONSTANT_CONVERSION = YES;
				CLANG_WARN_DIRECT_OBJC_ISA_USAGE = YES_ERROR;
				CLANG_WARN_DOCUMENTATION_COMMENTS = YES;
				CLANG_WARN_EMPTY_BODY = YES;
				CLANG_WARN_ENUM_CONVERSION = YES;
				CLANG_WARN_INFINITE_RECURSION = YES;
				CLANG_WARN_INT_CONVERSION = YES;
				CLANG_WARN_OBJC_ROOT_CLASS = YES_ERROR;
				CLANG_WARN_SUSPICIOUS_MOVE = YES;
				CLANG_WARN_UNREACHABLE_CODE = YES;
				CLANG_WARN__DUPLICATE_METHOD_MATCH = YES;
				"CODE_SIGN_IDENTITY[sdk=iphoneos*]" = "iPhone Developer";
				COPY_PHASE_STRIP = NO;
				DEBUG_INFORMATION_FORMAT = "dwarf-with-dsym";
				ENABLE_NS_ASSERTIONS = NO;
				ENABLE_STRICT_OBJC_MSGSEND = YES;
				GCC_C_LANGUAGE_STANDARD = gnu99;
				GCC_NO_COMMON_BLOCKS = YES;
				GCC_WARN_64_TO_32_BIT_CONVERSION = YES;
				GCC_WARN_ABOUT_RETURN_TYPE = YES_ERROR;
				GCC_WARN_UNDECLARED_SELECTOR = YES;
				GCC_WARN_UNINITIALIZED_AUTOS = YES_AGGRESSIVE;
				GCC_WARN_UNUSED_FUNCTION = YES;
				GCC_WARN_UNUSED_VARIABLE = YES;
				IPHONEOS_DEPLOYMENT_TARGET = 10.3;
				MTL_ENABLE_DEBUG_INFO = NO;
				SDKROOT = iphoneos;
				SWIFT_OPTIMIZATION_LEVEL = "-Owholemodule";
				TARGETED_DEVICE_FAMILY = "1,2";
				VALIDATE_PRODUCT = YES;
			};
			name = Release;
		};
		42E2D1131EA86BC2009DF67F /* Debug */ = {
			isa = XCBuildConfiguration;
			buildSettings = {
				ASSETCATALOG_COMPILER_APPICON_NAME = AppIcon;
				FRAMEWORK_SEARCH_PATHS = (
					"$(inherited)",
					"$(PROJECT_DIR)/Carthage/Build/iOS",
				);
				INFOPLIST_FILE = RxPlaygrounds/Info.plist;
				LD_RUNPATH_SEARCH_PATHS = "$(inherited) @executable_path/Frameworks";
				PRODUCT_BUNDLE_IDENTIFIER = jp.co.jrits.RxPlaygrounds;
				PRODUCT_NAME = "$(TARGET_NAME)";
				SWIFT_VERSION = 3.0;
			};
			name = Debug;
		};
		42E2D1141EA86BC2009DF67F /* Release */ = {
			isa = XCBuildConfiguration;
			buildSettings = {
				ASSETCATALOG_COMPILER_APPICON_NAME = AppIcon;
				FRAMEWORK_SEARCH_PATHS = (
					"$(inherited)",
					"$(PROJECT_DIR)/Carthage/Build/iOS",
				);
				INFOPLIST_FILE = RxPlaygrounds/Info.plist;
				LD_RUNPATH_SEARCH_PATHS = "$(inherited) @executable_path/Frameworks";
				PRODUCT_BUNDLE_IDENTIFIER = jp.co.jrits.RxPlaygrounds;
				PRODUCT_NAME = "$(TARGET_NAME)";
				SWIFT_VERSION = 3.0;
			};
			name = Release;
		};
		42E2D1161EA86BC2009DF67F /* Debug */ = {
			isa = XCBuildConfiguration;
			buildSettings = {
				ALWAYS_EMBED_SWIFT_STANDARD_LIBRARIES = YES;
				BUNDLE_LOADER = "$(TEST_HOST)";
				INFOPLIST_FILE = RxPlaygroundsTests/Info.plist;
				LD_RUNPATH_SEARCH_PATHS = "$(inherited) @executable_path/Frameworks @loader_path/Frameworks";
				PRODUCT_BUNDLE_IDENTIFIER = jp.co.jrits.RxPlaygroundsTests;
				PRODUCT_NAME = "$(TARGET_NAME)";
				SWIFT_VERSION = 3.0;
				TEST_HOST = "$(BUILT_PRODUCTS_DIR)/RxPlaygrounds.app/RxPlaygrounds";
			};
			name = Debug;
		};
		42E2D1171EA86BC2009DF67F /* Release */ = {
			isa = XCBuildConfiguration;
			buildSettings = {
				ALWAYS_EMBED_SWIFT_STANDARD_LIBRARIES = YES;
				BUNDLE_LOADER = "$(TEST_HOST)";
				INFOPLIST_FILE = RxPlaygroundsTests/Info.plist;
				LD_RUNPATH_SEARCH_PATHS = "$(inherited) @executable_path/Frameworks @loader_path/Frameworks";
				PRODUCT_BUNDLE_IDENTIFIER = jp.co.jrits.RxPlaygroundsTests;
				PRODUCT_NAME = "$(TARGET_NAME)";
				SWIFT_VERSION = 3.0;
				TEST_HOST = "$(BUILT_PRODUCTS_DIR)/RxPlaygrounds.app/RxPlaygrounds";
			};
			name = Release;
		};
		42E2D1191EA86BC2009DF67F /* Debug */ = {
			isa = XCBuildConfiguration;
			buildSettings = {
				ALWAYS_EMBED_SWIFT_STANDARD_LIBRARIES = YES;
				INFOPLIST_FILE = RxPlaygroundsUITests/Info.plist;
				LD_RUNPATH_SEARCH_PATHS = "$(inherited) @executable_path/Frameworks @loader_path/Frameworks";
				PRODUCT_BUNDLE_IDENTIFIER = jp.co.jrits.RxPlaygroundsUITests;
				PRODUCT_NAME = "$(TARGET_NAME)";
				SWIFT_VERSION = 3.0;
				TEST_TARGET_NAME = RxPlaygrounds;
			};
			name = Debug;
		};
		42E2D11A1EA86BC2009DF67F /* Release */ = {
			isa = XCBuildConfiguration;
			buildSettings = {
				ALWAYS_EMBED_SWIFT_STANDARD_LIBRARIES = YES;
				INFOPLIST_FILE = RxPlaygroundsUITests/Info.plist;
				LD_RUNPATH_SEARCH_PATHS = "$(inherited) @executable_path/Frameworks @loader_path/Frameworks";
				PRODUCT_BUNDLE_IDENTIFIER = jp.co.jrits.RxPlaygroundsUITests;
				PRODUCT_NAME = "$(TARGET_NAME)";
				SWIFT_VERSION = 3.0;
				TEST_TARGET_NAME = RxPlaygrounds;
			};
			name = Release;
		};
/* End XCBuildConfiguration section */

/* Begin XCConfigurationList section */
		42E2D0E51EA86BC2009DF67F /* Build configuration list for PBXProject "RxPlaygrounds" */ = {
			isa = XCConfigurationList;
			buildConfigurations = (
				42E2D1101EA86BC2009DF67F /* Debug */,
				42E2D1111EA86BC2009DF67F /* Release */,
			);
			defaultConfigurationIsVisible = 0;
			defaultConfigurationName = Release;
		};
		42E2D1121EA86BC2009DF67F /* Build configuration list for PBXNativeTarget "RxPlaygrounds" */ = {
			isa = XCConfigurationList;
			buildConfigurations = (
				42E2D1131EA86BC2009DF67F /* Debug */,
				42E2D1141EA86BC2009DF67F /* Release */,
			);
			defaultConfigurationIsVisible = 0;
			defaultConfigurationName = Release;
		};
		42E2D1151EA86BC2009DF67F /* Build configuration list for PBXNativeTarget "RxPlaygroundsTests" */ = {
			isa = XCConfigurationList;
			buildConfigurations = (
				42E2D1161EA86BC2009DF67F /* Debug */,
				42E2D1171EA86BC2009DF67F /* Release */,
			);
			defaultConfigurationIsVisible = 0;
			defaultConfigurationName = Release;
		};
		42E2D1181EA86BC2009DF67F /* Build configuration list for PBXNativeTarget "RxPlaygroundsUITests" */ = {
			isa = XCConfigurationList;
			buildConfigurations = (
				42E2D1191EA86BC2009DF67F /* Debug */,
				42E2D11A1EA86BC2009DF67F /* Release */,
			);
			defaultConfigurationIsVisible = 0;
			defaultConfigurationName = Release;
		};
/* End XCConfigurationList section */
	};
	rootObject = 42E2D0E21EA86BC2009DF67F /* Project object */;
}
